
Microsoft Visual Studio Solution File, Format Version 12.00
# Visual Studio 2013
VisualStudioVersion = 12.0.30501.0
MinimumVisualStudioVersion = 10.0.40219.1
Project("{FAE04EC0-301F-11D3-BF4B-00C04F79EFBC}") = "ConReadTaskList", "ConReadTaskList\ConReadTaskList.csproj", "{B0930076-80E5-40AD-A42E-44BB494CCB6B}"
EndProject
Global
	GlobalSection(SolutionConfigurationPlatforms) = preSolution
		Debug|Any CPU = Debug|Any CPU
		Release|Any CPU = Release|Any CPU
	EndGlobalSection
	GlobalSection(ProjectConfigurationPlatforms) = postSolution
		{B0930076-80E5-40AD-A42E-44BB494CCB6B}.Debug|Any CPU.ActiveCfg = Debug|x86
		{B0930076-80E5-40AD-A42E-44BB494CCB6B}.Debug|Any CPU.Build.0 = Debug|x86
		{B0930076-80E5-40AD-A42E-44BB494CCB6B}.Release|Any CPU.ActiveCfg = Release|Any CPU
		{B0930076-80E5-40AD-A42E-44BB494CCB6B}.Release|Any CPU.Build.0 = Release|Any CPU
	EndGlobalSection
	GlobalSection(SolutionProperties) = preSolution
		HideSolutionNode = FALSE
	EndGlobalSection
EndGlobal
